<?xml version="1.0" encoding="utf-8"?>
<Project ToolsVersion="14.0" xmlns="http://schemas.microsoft.com/developer/msbuild/2003">
  <ItemGroup>
    <Filter Include="Header Files">
      <UniqueIdentifier>{7166EF57-8467-3D4A-BBDF-59F763F9560B}</UniqueIdentifier>
    </Filter>
    <Filter Include="Source Files">
      <UniqueIdentifier>{FE2EEDAE-29DD-3589-AEB1-6E1D1871813F}</UniqueIdentifier>
    </Filter>
  </ItemGroup>
  <ItemGroup>
    <ClInclude Include="..\include\orz\codec\base64.h">
      <Filter>Header Files</Filter>
    </ClInclude>
    <ClInclude Include="..\include\orz\codec\json.h">
      <Filter>Header Files</Filter>
    </ClInclude>
    <ClInclude Include="..\include\orz\io\csv.h">
      <Filter>Header Files</Filter>
    </ClInclude>
    <ClInclude Include="..\include\orz\io\dir.h">
      <Filter>Header Files</Filter>
    </ClInclude>
    <ClInclude Include="..\include\orz\io\i.h">
      <Filter>Header Files</Filter>
    </ClInclude>
    <ClInclude Include="..\include\orz\io\walker.h">
      <Filter>Header Files</Filter>
    </ClInclude>
    <ClInclude Include="..\include\orz\io\jug\binary.h">
      <Filter>Header Files</Filter>
    </ClInclude>
    <ClInclude Include="..\include\orz\io\jug\jug.h">
      <Filter>Header Files</Filter>
    </ClInclude>
    <ClInclude Include="..\include\orz\io\jug\piece.h">
      <Filter>Header Files</Filter>
    </ClInclude>
    <ClInclude Include="..\include\orz\lego\box.h">
      <Filter>Header Files</Filter>
    </ClInclude>
    <ClInclude Include="..\include\orz\lego\brick.h">
      <Filter>Header Files</Filter>
    </ClInclude>
    <ClInclude Include="..\include\orz\mem\need.h">
      <Filter>Header Files</Filter>
    </ClInclude>
    <ClInclude Include="..\include\orz\mem\pot.h">
      <Filter>Header Files</Filter>
    </ClInclude>
    <ClInclude Include="..\include\orz\mem\vat.h">
      <Filter>Header Files</Filter>
    </ClInclude>
    <ClInclude Include="..\include\orz\net\http.h">
      <Filter>Header Files</Filter>
    </ClInclude>
    <ClInclude Include="..\include\orz\ssl\aes.h">
      <Filter>Header Files</Filter>
    </ClInclude>
    <ClInclude Include="..\include\orz\ssl\rsa.h">
      <Filter>Header Files</Filter>
    </ClInclude>
    <ClInclude Include="..\include\orz\sync\backend.h">
      <Filter>Header Files</Filter>
    </ClInclude>
    <ClInclude Include="..\include\orz\sync\canyon.h">
      <Filter>Header Files</Filter>
    </ClInclude>
    <ClInclude Include="..\include\orz\sync\cartridge.h">
      <Filter>Header Files</Filter>
    </ClInclude>
    <ClInclude Include="..\include\orz\sync\shotgun.h">
      <Filter>Header Files</Filter>
    </ClInclude>
    <ClInclude Include="..\include\orz\tools\cpp_resources.h">
      <Filter>Header Files</Filter>
    </ClInclude>
    <ClInclude Include="..\include\orz\tools\ctxmgr_lite.h">
      <Filter>Header Files</Filter>
    </ClInclude>
    <ClInclude Include="..\include\orz\tools\ctxmgr_lite_support.h">
      <Filter>Header Files</Filter>
    </ClInclude>
    <ClInclude Include="..\include\orz\tools\fps.h">
      <Filter>Header Files</Filter>
    </ClInclude>
    <ClInclude Include="..\include\orz\tools\function.h">
      <Filter>Header Files</Filter>
    </ClInclude>
    <ClInclude Include="..\include\orz\tools\gun_with.h">
      <Filter>Header Files</Filter>
    </ClInclude>
    <ClInclude Include="..\include\orz\tools\limit.h">
      <Filter>Header Files</Filter>
    </ClInclude>
    <ClInclude Include="..\include\orz\tools\multi.h">
      <Filter>Header Files</Filter>
    </ClInclude>
    <ClInclude Include="..\include\orz\tools\option.h">
      <Filter>Header Files</Filter>
    </ClInclude>
    <ClInclude Include="..\include\orz\tools\progress_bar.h">
      <Filter>Header Files</Filter>
    </ClInclude>
    <ClInclude Include="..\include\orz\tools\range.h">
      <Filter>Header Files</Filter>
    </ClInclude>
    <ClInclude Include="..\include\orz\tools\resources.h">
      <Filter>Header Files</Filter>
    </ClInclude>
    <ClInclude Include="..\include\orz\tools\timer.h">
      <Filter>Header Files</Filter>
    </ClInclude>
    <ClInclude Include="..\include\orz\tools\void_bind.h">
      <Filter>Header Files</Filter>
    </ClInclude>
    <ClInclude Include="..\include\orz\utils\api.h">
      <Filter>Header Files</Filter>
    </ClInclude>
    <ClInclude Include="..\include\orz\utils\except.h">
      <Filter>Header Files</Filter>
    </ClInclude>
    <ClInclude Include="..\include\orz\utils\format.h">
      <Filter>Header Files</Filter>
    </ClInclude>
    <ClInclude Include="..\include\orz\utils\log.h">
      <Filter>Header Files</Filter>
    </ClInclude>
    <ClInclude Include="..\include\orz\utils\platform.h">
      <Filter>Header Files</Filter>
    </ClInclude>
    <ClInclude Include="..\include\orz\utils\random.h">
      <Filter>Header Files</Filter>
    </ClInclude>
    <ClInclude Include="orz\tools\hash_table.h">
      <Filter>Source Files</Filter>
    </ClInclude>
    <ClInclude Include="orz\codec\json_iterator.h">
      <Filter>Header Files</Filter>
    </ClInclude>
    <ClInclude Include="orz\net\http_linux.h">
      <Filter>Header Files</Filter>
    </ClInclude>
    <ClInclude Include="orz\net\http_win.h">
      <Filter>Header Files</Filter>
    </ClInclude>
  </ItemGroup>
  <ItemGroup>
    <ClCompile Include="orz\codec\base64.cpp">
      <Filter>Source Files</Filter>
    </ClCompile>
    <ClCompile Include="orz\codec\json.cpp">
      <Filter>Source Files</Filter>
    </ClCompile>
    <ClCompile Include="orz\io\csv.cpp">
      <Filter>Source Files</Filter>
    </ClCompile>
    <ClCompile Include="orz\io\dir.cpp">
      <Filter>Source Files</Filter>
    </ClCompile>
    <ClCompile Include="orz\io\i.cpp">
      <Filter>Source Files</Filter>
    </ClCompile>
    <ClCompile Include="orz\io\walker.cpp">
      <Filter>Source Files</Filter>
    </ClCompile>
    <ClCompile Include="orz\lego\box.cpp">
      <Filter>Source Files</Filter>
    </ClCompile>
    <ClCompile Include="orz\lego\brick.cpp">
      <Filter>Source Files</Filter>
    </ClCompile>
    <ClCompile Include="orz\mem\need.cpp">
      <Filter>Source Files</Filter>
    </ClCompile>
    <ClCompile Include="orz\mem\pot.cpp">
      <Filter>Source Files</Filter>
    </ClCompile>
    <ClCompile Include="orz\mem\vat.cpp">
      <Filter>Source Files</Filter>
    </ClCompile>
    <ClCompile Include="orz\net\http.cpp">
      <Filter>Source Files</Filter>
    </ClCompile>
    <ClCompile Include="orz\ssl\aes.cpp">
      <Filter>Source Files</Filter>
    </ClCompile>
    <ClCompile Include="orz\ssl\import_ssl.cpp">
      <Filter>Source Files</Filter>
    </ClCompile>
    <ClCompile Include="orz\ssl\rsa.cpp">
      <Filter>Source Files</Filter>
    </ClCompile>
    <ClCompile Include="orz\sync\backend.cpp">
      <Filter>Source Files</Filter>
    </ClCompile>
    <ClCompile Include="orz\sync\canyon.cpp">
      <Filter>Source Files</Filter>
    </ClCompile>
    <ClCompile Include="orz\sync\cartridge.cpp">
      <Filter>Source Files</Filter>
    </ClCompile>
    <ClCompile Include="orz\sync\shotgun.cpp">
      <Filter>Source Files</Filter>
    </ClCompile>
    <ClCompile Include="orz\tools\cpp_resources.cpp">
      <Filter>Source Files</Filter>
    </ClCompile>
    <ClCompile Include="orz\tools\fps.cpp">
      <Filter>Source Files</Filter>
    </ClCompile>
    <ClCompile Include="orz\tools\limit.cpp">
      <Filter>Source Files</Filter>
    </ClCompile>
    <ClCompile Include="orz\tools\option.cpp">
      <Filter>Source Files</Filter>
    </ClCompile>
    <ClCompile Include="orz\tools\progress_bar.cpp">
      <Filter>Source Files</Filter>
    </ClCompile>
    <ClCompile Include="orz\tools\range.cpp">
      <Filter>Source Files</Filter>
    </ClCompile>
    <ClCompile Include="orz\tools\resources.cpp">
      <Filter>Source Files</Filter>
    </ClCompile>
    <ClCompile Include="orz\utils\api.cpp">
      <Filter>Source Files</Filter>
    </ClCompile>
    <ClCompile Include="orz\utils\except.cpp">
      <Filter>Source Files</Filter>
    </ClCompile>
    <ClCompile Include="orz\utils\format.cpp">
      <Filter>Source Files</Filter>
    </ClCompile>
    <ClCompile Include="orz\utils\log.cpp">
      <Filter>Source Files</Filter>
    </ClCompile>
    <ClCompile Include="orz\utils\platform.cpp">
      <Filter>Source Files</Filter>
    </ClCompile>
    <ClCompile Include="orz\utils\random.cpp">
      <Filter>Source Files</Filter>
    </ClCompile>
    <ClCompile Include="orz\io\jug\binary.cpp">
      <Filter>Source Files</Filter>
    </ClCompile>
    <ClCompile Include="orz\io\jug\jug.cpp">
      <Filter>Source Files</Filter>
    </ClCompile>
    <ClCompile Include="orz\io\jug\piece.cpp">
      <Filter>Source Files</Filter>
    </ClCompile>
  </ItemGroup>
</Project>