<?xml version="1.0" encoding="utf-8"?>
<Project ToolsVersion="4.0" xmlns="http://schemas.microsoft.com/developer/msbuild/2003">
  <ItemGroup>
    <Filter Include="源文件">
      <UniqueIdentifier>{4FC737F1-C7A5-4376-A066-2A32D752A2FF}</UniqueIdentifier>
      <Extensions>cpp;c;cc;cxx;def;odl;idl;hpj;bat;asm;asmx</Extensions>
    </Filter>
    <Filter Include="头文件">
      <UniqueIdentifier>{93995380-89BD-4b04-88EB-625FBE52EBFB}</UniqueIdentifier>
      <Extensions>h;hh;hpp;hxx;hm;inl;inc;xsd</Extensions>
    </Filter>
    <Filter Include="资源文件">
      <UniqueIdentifier>{67DA6AB6-F800-4c08-8B7A-83BB121AAD01}</UniqueIdentifier>
      <Extensions>rc;ico;cur;bmp;dlg;rc2;rct;bin;rgs;gif;jpg;jpeg;jpe;resx;tiff;tif;png;wav;mfcribbon-ms</Extensions>
    </Filter>
    <Filter Include="nets">
      <UniqueIdentifier>{49501fd6-1d26-4d62-b3da-7826f0a17e37}</UniqueIdentifier>
    </Filter>
    <Filter Include="nets\gpu">
      <UniqueIdentifier>{d3bf93a0-aae1-4a7b-bdd2-e05ab1732b53}</UniqueIdentifier>
    </Filter>
    <Filter Include="nets\cu">
      <UniqueIdentifier>{3dc94aa2-8531-4476-ab26-4950df2d9099}</UniqueIdentifier>
    </Filter>
    <Filter Include="nets\cpu">
      <UniqueIdentifier>{29cf24bf-c6b0-40c3-93ca-acb0498cee0b}</UniqueIdentifier>
    </Filter>
    <Filter Include="proto">
      <UniqueIdentifier>{9f2662be-7967-43b2-b478-872a5719097b}</UniqueIdentifier>
    </Filter>
    <Filter Include="orz">
      <UniqueIdentifier>{ebb45b04-32ef-4cef-9d63-e33a1577791c}</UniqueIdentifier>
    </Filter>
    <Filter Include="orz\mem">
      <UniqueIdentifier>{b8b86037-71ca-403f-91a7-9094dec27821}</UniqueIdentifier>
    </Filter>
    <Filter Include="orz\sync">
      <UniqueIdentifier>{0330b7f8-a40d-4431-b320-5f46f301bba6}</UniqueIdentifier>
    </Filter>
    <Filter Include="orz\tools">
      <UniqueIdentifier>{06a8a3cd-34d8-4083-9d2d-b7c65ead0914}</UniqueIdentifier>
    </Filter>
  </ItemGroup>
  <ItemGroup>
    <ClCompile Include="..\..\src\HolidayForward.cpp">
      <Filter>源文件</Filter>
    </ClCompile>
    <ClCompile Include="..\..\src\HolidayNet.cpp">
      <Filter>源文件</Filter>
    </ClCompile>
    <ClCompile Include="..\..\src\im2col.cpp">
      <Filter>源文件</Filter>
    </ClCompile>
    <ClCompile Include="..\..\src\ReadFromHolidayLayer.cpp">
      <Filter>源文件</Filter>
    </ClCompile>
    <ClCompile Include="..\..\src\proto\HolidayCNN_proto.pb.cc">
      <Filter>源文件</Filter>
    </ClCompile>
    <ClCompile Include="..\..\src\simod_gemm.cpp">
      <Filter>源文件</Filter>
    </ClCompile>
    <ClCompile Include="..\..\src\orz\mem\pot.cpp">
      <Filter>orz\mem</Filter>
    </ClCompile>
    <ClCompile Include="..\..\src\orz\mem\vat.cpp">
      <Filter>orz\mem</Filter>
    </ClCompile>
    <ClCompile Include="..\..\src\orz\sync\canyon.cpp">
      <Filter>orz\sync</Filter>
    </ClCompile>
    <ClCompile Include="..\..\src\orz\sync\cartridge.cpp">
      <Filter>orz\sync</Filter>
    </ClCompile>
    <ClCompile Include="..\..\src\orz\sync\shotgun.cpp">
      <Filter>orz\sync</Filter>
    </ClCompile>
    <ClCompile Include="..\..\src\orz\tools\box.cpp">
      <Filter>orz\tools</Filter>
    </ClCompile>
  </ItemGroup>
  <ItemGroup>
    <ClInclude Include="..\..\include\HolidayForward.h">
      <Filter>头文件</Filter>
    </ClInclude>
    <ClInclude Include="..\..\include\SeetaStruct.h">
      <Filter>头文件</Filter>
    </ClInclude>
    <ClInclude Include="resource.h">
      <Filter>头文件</Filter>
    </ClInclude>
    <ClInclude Include="..\..\src\include_inner\HolidayCommonCuda.h">
      <Filter>nets</Filter>
    </ClInclude>
    <ClInclude Include="..\..\src\include_inner\HolidayLayerType.h">
      <Filter>nets</Filter>
    </ClInclude>
    <ClInclude Include="..\..\src\include_inner\HolidayNet.h">
      <Filter>nets</Filter>
    </ClInclude>
    <ClInclude Include="..\..\src\include_inner\HolidayNetResource.h">
      <Filter>nets</Filter>
    </ClInclude>
    <ClInclude Include="..\..\src\include_inner\im2col.hpp">
      <Filter>nets</Filter>
    </ClInclude>
    <ClInclude Include="..\..\src\include_inner\MacroHoliday.h">
      <Filter>nets</Filter>
    </ClInclude>
    <ClInclude Include="..\..\src\include_inner\memory_stream.h">
      <Filter>nets</Filter>
    </ClInclude>
    <ClInclude Include="..\..\src\include_inner\MemoryModel.h">
      <Filter>nets</Filter>
    </ClInclude>
    <ClInclude Include="..\..\src\include_inner\ReadFromHolidayLayer.h">
      <Filter>nets</Filter>
    </ClInclude>
    <ClInclude Include="..\..\src\include_inner\HolidayBatchNormliseCPU.h">
      <Filter>nets\cpu</Filter>
    </ClInclude>
    <ClInclude Include="..\..\src\include_inner\HolidayBlobCpu.h">
      <Filter>nets\cpu</Filter>
    </ClInclude>
    <ClInclude Include="..\..\src\include_inner\HolidayConcatCPU.h">
      <Filter>nets\cpu</Filter>
    </ClInclude>
    <ClInclude Include="..\..\src\include_inner\HolidayConvolutionCPU.h">
      <Filter>nets\cpu</Filter>
    </ClInclude>
    <ClInclude Include="..\..\src\include_inner\HolidayCreateLayerDetailCPU.h">
      <Filter>nets\cpu</Filter>
    </ClInclude>
    <ClInclude Include="..\..\src\include_inner\HolidayCreateLayerMapCPU.h">
      <Filter>nets\cpu</Filter>
    </ClInclude>
    <ClInclude Include="..\..\src\include_inner\HolidayDeconvolutionCPU.h">
      <Filter>nets\cpu</Filter>
    </ClInclude>
    <ClInclude Include="..\..\src\include_inner\HolidayExpCPU.h">
      <Filter>nets\cpu</Filter>
    </ClInclude>
    <ClInclude Include="..\..\src\include_inner\HolidayInnerproductCPU.h">
      <Filter>nets\cpu</Filter>
    </ClInclude>
    <ClInclude Include="..\..\src\include_inner\HolidaySplitCPU.h">
      <Filter>nets\cpu</Filter>
    </ClInclude>
    <ClInclude Include="..\..\src\include_inner\HolidaySoftmaxCPU.h">
      <Filter>nets\cpu</Filter>
    </ClInclude>
    <ClInclude Include="..\..\src\include_inner\HolidaySigmoidCPU.h">
      <Filter>nets\cpu</Filter>
    </ClInclude>
    <ClInclude Include="..\..\src\include_inner\HolidayScaleCPU.h">
      <Filter>nets\cpu</Filter>
    </ClInclude>
    <ClInclude Include="..\..\src\include_inner\HolidayReluCPU.h">
      <Filter>nets\cpu</Filter>
    </ClInclude>
    <ClInclude Include="..\..\src\include_inner\HolidayPReluCPU.h">
      <Filter>nets\cpu</Filter>
    </ClInclude>
    <ClInclude Include="..\..\src\include_inner\HolidayPowerCPU.h">
      <Filter>nets\cpu</Filter>
    </ClInclude>
    <ClInclude Include="..\..\src\include_inner\HolidayPoolingCPU.h">
      <Filter>nets\cpu</Filter>
    </ClInclude>
    <ClInclude Include="..\..\src\include_inner\HolidayMemoryDataLayerCPU.h">
      <Filter>nets\cpu</Filter>
    </ClInclude>
    <ClInclude Include="..\..\src\include_inner\HolidayLocalResponseNormalizeCPU.h">
      <Filter>nets\cpu</Filter>
    </ClInclude>
    <ClInclude Include="..\..\src\include_inner\HolidayBaseLayer.h">
      <Filter>nets</Filter>
    </ClInclude>
    <ClInclude Include="..\..\src\include_inner\HolidayCommon.h">
      <Filter>nets</Filter>
    </ClInclude>
    <ClInclude Include="..\..\src\include_inner\HolidayCommonfuction.h">
      <Filter>nets</Filter>
    </ClInclude>
    <ClInclude Include="..\..\src\include_inner\HolidayFeatureMap.h">
      <Filter>nets</Filter>
    </ClInclude>
    <ClInclude Include="..\..\src\include_inner\HolidayBatchNormalizeGPU.h">
      <Filter>nets\gpu</Filter>
    </ClInclude>
    <ClInclude Include="..\..\src\include_inner\HolidayBlobGpu.h">
      <Filter>nets\gpu</Filter>
    </ClInclude>
    <ClInclude Include="..\..\src\include_inner\HolidayConcatGPU.h">
      <Filter>nets\gpu</Filter>
    </ClInclude>
    <ClInclude Include="..\..\src\include_inner\HolidayConvolutionGPU.h">
      <Filter>nets\gpu</Filter>
    </ClInclude>
    <ClInclude Include="..\..\src\include_inner\HolidayCreateLayerDetailGPU.h">
      <Filter>nets\gpu</Filter>
    </ClInclude>
    <ClInclude Include="..\..\src\include_inner\HolidayCreateLayerMapGPU.h">
      <Filter>nets\gpu</Filter>
    </ClInclude>
    <ClInclude Include="..\..\src\include_inner\HolidayEltwiseGPU.h">
      <Filter>nets\gpu</Filter>
    </ClInclude>
    <ClInclude Include="..\..\src\include_inner\HolidayEltwiseCPU.h">
      <Filter>nets\cpu</Filter>
    </ClInclude>
    <ClInclude Include="..\..\src\include_inner\HolidaySplitGPU.h">
      <Filter>nets\gpu</Filter>
    </ClInclude>
    <ClInclude Include="..\..\src\include_inner\HolidaySoftmaxGPU.h">
      <Filter>nets\gpu</Filter>
    </ClInclude>
    <ClInclude Include="..\..\src\include_inner\HolidaySigmoidGPU.h">
      <Filter>nets\gpu</Filter>
    </ClInclude>
    <ClInclude Include="..\..\src\include_inner\HolidayScaleGPU.h">
      <Filter>nets\gpu</Filter>
    </ClInclude>
    <ClInclude Include="..\..\src\include_inner\HolidayReluGPU.h">
      <Filter>nets\gpu</Filter>
    </ClInclude>
    <ClInclude Include="..\..\src\include_inner\HolidayPreReluGPU.h">
      <Filter>nets\gpu</Filter>
    </ClInclude>
    <ClInclude Include="..\..\src\include_inner\HolidayPowerGPU.h">
      <Filter>nets\gpu</Filter>
    </ClInclude>
    <ClInclude Include="..\..\src\include_inner\HolidayPoolintGPU.h">
      <Filter>nets\gpu</Filter>
    </ClInclude>
    <ClInclude Include="..\..\src\include_inner\HolidayPoolingGPU.h">
      <Filter>nets\gpu</Filter>
    </ClInclude>
    <ClInclude Include="..\..\src\include_inner\HolidayMemoryDataLayerGPU.h">
      <Filter>nets\gpu</Filter>
    </ClInclude>
    <ClInclude Include="..\..\src\include_inner\HolidayLocalResponseNormalizeGPU.h">
      <Filter>nets\gpu</Filter>
    </ClInclude>
    <ClInclude Include="..\..\src\include_inner\HolidayInnerproductGPU.h">
      <Filter>nets\gpu</Filter>
    </ClInclude>
    <ClInclude Include="..\..\src\include_inner\HolidayExpGPU.h">
      <Filter>nets\gpu</Filter>
    </ClInclude>
    <ClInclude Include="..\..\src\include_inner\simod_gemm.h">
      <Filter>nets</Filter>
    </ClInclude>
    <ClInclude Include="..\..\src\include_inner\HolidayDeconvolutionGPU.h">
      <Filter>nets\gpu</Filter>
    </ClInclude>
    <ClInclude Include="..\..\src\include_inner\HolidayBatchToSpaceNDCPU.h">
      <Filter>nets\cpu</Filter>
    </ClInclude>
    <ClInclude Include="..\..\src\include_inner\HolidaySpaceToBatchNDCPU.h">
      <Filter>nets\cpu</Filter>
    </ClInclude>
    <ClInclude Include="..\..\src\include_inner\HolidayBatchToSpaceNDGPU.h">
      <Filter>nets\gpu</Filter>
    </ClInclude>
    <ClInclude Include="..\..\src\include_inner\HolidaySpaceToBatchNDGPU.h">
      <Filter>nets\gpu</Filter>
    </ClInclude>
    <ClInclude Include="..\..\include\HolidayStruct.h">
      <Filter>头文件</Filter>
    </ClInclude>
    <ClInclude Include="..\..\src\include_inner\HolidayReshapeCPU.h">
      <Filter>nets\cpu</Filter>
    </ClInclude>
    <ClInclude Include="..\..\src\include_inner\HolidayReshapeGPU.h">
      <Filter>nets\gpu</Filter>
    </ClInclude>
    <ClInclude Include="..\..\src\include_inner\HolidayRealMulCPU.h">
      <Filter>nets\cpu</Filter>
    </ClInclude>
    <ClInclude Include="..\..\src\include_inner\HolidayRealMulGPU.h">
      <Filter>nets\gpu</Filter>
    </ClInclude>
    <ClInclude Include="..\..\src\orz\mem\pot.h">
      <Filter>orz\mem</Filter>
    </ClInclude>
    <ClInclude Include="..\..\src\orz\mem\vat.h">
      <Filter>orz\mem</Filter>
    </ClInclude>
    <ClInclude Include="..\..\src\orz\tools\ctxmgr_lite.h">
      <Filter>orz\tools</Filter>
    </ClInclude>
    <ClInclude Include="..\..\src\orz\tools\ctxmgr_lite_support.h">
      <Filter>orz\tools</Filter>
    </ClInclude>
    <ClInclude Include="..\..\src\orz\sync\canyon.h">
      <Filter>orz\sync</Filter>
    </ClInclude>
    <ClInclude Include="..\..\src\orz\sync\cartridge.h">
      <Filter>orz\sync</Filter>
    </ClInclude>
    <ClInclude Include="..\..\src\orz\sync\shotgun.h">
      <Filter>orz\sync</Filter>
    </ClInclude>
    <ClInclude Include="..\..\src\orz\tools\void_bind.h">
      <Filter>orz\tools</Filter>
    </ClInclude>
    <ClInclude Include="..\..\src\orz\tools\box.h">
      <Filter>orz\tools</Filter>
    </ClInclude>
    <ClInclude Include="..\..\src\include_inner\except.h">
      <Filter>nets</Filter>
    </ClInclude>
  </ItemGroup>
  <ItemGroup>
    <ResourceCompile Include="SeetaNet.rc">
      <Filter>资源文件</Filter>
    </ResourceCompile>
  </ItemGroup>
  <ItemGroup>
    <None Include="..\..\src\proto\HolidayCNN_proto.proto">
      <Filter>proto</Filter>
    </None>
  </ItemGroup>
  <ItemGroup>
    <CudaCompile Include="..\..\src\cu\HolidayBatchNormalizeGPU.cu">
      <Filter>nets\cu</Filter>
    </CudaCompile>
    <CudaCompile Include="..\..\src\cu\HolidayBlobGPU.cu">
      <Filter>nets\cu</Filter>
    </CudaCompile>
    <CudaCompile Include="..\..\src\cu\HolidayCommon.cu">
      <Filter>nets\cu</Filter>
    </CudaCompile>
    <CudaCompile Include="..\..\src\cu\HolidayConcatGPU.cu">
      <Filter>nets\cu</Filter>
    </CudaCompile>
    <CudaCompile Include="..\..\src\cu\HolidayConvolutionGPU.cu">
      <Filter>nets\cu</Filter>
    </CudaCompile>
    <CudaCompile Include="..\..\src\cu\HolidayDeconvolutionGPU.cu">
      <Filter>nets\cu</Filter>
    </CudaCompile>
    <CudaCompile Include="..\..\src\cu\HolidayEltwiseGPU.cu">
      <Filter>nets\cu</Filter>
    </CudaCompile>
    <CudaCompile Include="..\..\src\cu\HolidayExpGPU.cu">
      <Filter>nets\cu</Filter>
    </CudaCompile>
    <CudaCompile Include="..\..\src\cu\HolidayInnerproductGPU.cu">
      <Filter>nets\cu</Filter>
    </CudaCompile>
    <CudaCompile Include="..\..\src\cu\HolidayLocalResponseNormalizeGPU.cu">
      <Filter>nets\cu</Filter>
    </CudaCompile>
    <CudaCompile Include="..\..\src\cu\HolidayMemoryDataLayerGPU.cu">
      <Filter>nets\cu</Filter>
    </CudaCompile>
    <CudaCompile Include="..\..\src\cu\HolidayPoolingGPU.cu">
      <Filter>nets\cu</Filter>
    </CudaCompile>
    <CudaCompile Include="..\..\src\cu\HolidayPoolintGPU.cu">
      <Filter>nets\cu</Filter>
    </CudaCompile>
    <CudaCompile Include="..\..\src\cu\HolidayPowerGPU.cu">
      <Filter>nets\cu</Filter>
    </CudaCompile>
    <CudaCompile Include="..\..\src\cu\HolidayPreReluGPU.cu">
      <Filter>nets\cu</Filter>
    </CudaCompile>
    <CudaCompile Include="..\..\src\cu\HolidayReluGPU.cu">
      <Filter>nets\cu</Filter>
    </CudaCompile>
    <CudaCompile Include="..\..\src\cu\HolidayScaleGPU.cu">
      <Filter>nets\cu</Filter>
    </CudaCompile>
    <CudaCompile Include="..\..\src\cu\HolidaySigmoidGPU.cu">
      <Filter>nets\cu</Filter>
    </CudaCompile>
    <CudaCompile Include="..\..\src\cu\HolidaySoftmaxGPU.cu">
      <Filter>nets\cu</Filter>
    </CudaCompile>
    <CudaCompile Include="..\..\src\cu\HolidaySplitGPU.cu">
      <Filter>nets\cu</Filter>
    </CudaCompile>
    <CudaCompile Include="..\..\src\cu\HolidayBatchToSpaceNDGPU.cu">
      <Filter>nets\cu</Filter>
    </CudaCompile>
    <CudaCompile Include="..\..\src\cu\HolidaySpaceToBatchNDGPU.cu">
      <Filter>nets\cu</Filter>
    </CudaCompile>
    <CudaCompile Include="..\..\src\cu\HolidayReshapeGPU.cu">
      <Filter>nets\cu</Filter>
    </CudaCompile>
    <CudaCompile Include="..\..\src\cu\HolidayRealMulGPU.cu">
      <Filter>nets\cu</Filter>
    </CudaCompile>
  </ItemGroup>
</Project>