<?xml version="1.0" encoding="utf-8"?>
<Project ToolsVersion="4.0" xmlns="http://schemas.microsoft.com/developer/msbuild/2003">
  <ItemGroup>
    <Filter Include="源文件">
      <UniqueIdentifier>{4FC737F1-C7A5-4376-A066-2A32D752A2FF}</UniqueIdentifier>
      <Extensions>cpp;c;cc;cxx;def;odl;idl;hpj;bat;asm;asmx</Extensions>
    </Filter>
    <Filter Include="头文件">
      <UniqueIdentifier>{93995380-89BD-4b04-88EB-625FBE52EBFB}</UniqueIdentifier>
      <Extensions>h;hh;hpp;hxx;hm;inl;inc;xsd</Extensions>
    </Filter>
    <Filter Include="资源文件">
      <UniqueIdentifier>{67DA6AB6-F800-4c08-8B7A-83BB121AAD01}</UniqueIdentifier>
      <Extensions>rc;ico;cur;bmp;dlg;rc2;rct;bin;rgs;gif;jpg;jpeg;jpe;resx;tiff;tif;png;wav;mfcribbon-ms</Extensions>
    </Filter>
    <Filter Include="doc">
      <UniqueIdentifier>{8b38aa3c-8a61-4419-b283-8f0d56fd2a02}</UniqueIdentifier>
    </Filter>
    <Filter Include="seeta">
      <UniqueIdentifier>{b058302a-e37c-4596-924d-5206fa452de4}</UniqueIdentifier>
    </Filter>
  </ItemGroup>
  <ItemGroup>
    <ClInclude Include="VIPLStruct.h">
      <Filter>头文件</Filter>
    </ClInclude>
    <ClInclude Include="VIPLEyeBlinkDetector.h">
      <Filter>头文件</Filter>
    </ClInclude>
    <ClInclude Include="seeta\common_alignment.h">
      <Filter>seeta</Filter>
    </ClInclude>
    <ClInclude Include="seeta\CommonStruct.h">
      <Filter>seeta</Filter>
    </ClInclude>
    <ClInclude Include="seeta\CStruct.h">
      <Filter>seeta</Filter>
    </ClInclude>
    <ClInclude Include="seeta\DataHelper.h">
      <Filter>seeta</Filter>
    </ClInclude>
    <ClInclude Include="seeta\ForwardNet.h">
      <Filter>seeta</Filter>
    </ClInclude>
    <ClInclude Include="seeta\ImageProcess.h">
      <Filter>seeta</Filter>
    </ClInclude>
    <ClInclude Include="seeta\Struct.h">
      <Filter>seeta</Filter>
    </ClInclude>
  </ItemGroup>
  <ItemGroup>
    <ClCompile Include="VIPLEyeBlinkDetector.cpp">
      <Filter>源文件</Filter>
    </ClCompile>
    <ClCompile Include="seeta\common_alignment.cpp">
      <Filter>seeta</Filter>
    </ClCompile>
    <ClCompile Include="seeta\ImageProcess.cpp">
      <Filter>seeta</Filter>
    </ClCompile>
  </ItemGroup>
  <ItemGroup>
    <Text Include="readme.txt">
      <Filter>doc</Filter>
    </Text>
  </ItemGroup>
</Project>