
Microsoft Visual Studio Solution File, Format Version 12.00
# Visual Studio 2013
VisualStudioVersion = 12.0.40629.0
MinimumVisualStudioVersion = 10.0.40219.1
Project("{8BC9CEB8-8B4A-11D0-8D11-00A0C91BC942}") = "PointDetector5", "PointDetector5\PointDetector5.vcxproj", "{21C0F404-893A-42E1-96E8-46A1DE647B5B}"
EndProject
Project("{8BC9CEB8-8B4A-11D0-8D11-00A0C91BC942}") = "test", "test\test.vcxproj", "{21683CD7-35A5-4067-A56E-F935CDF6BF73}"
EndProject
Project("{8BC9CEB8-8B4A-11D0-8D11-00A0C91BC942}") = "example", "example\example.vcxproj", "{093FEAFF-F419-4BD0-BD2F-547307A52F44}"
EndProject
Global
	GlobalSection(SolutionConfigurationPlatforms) = preSolution
		Debug|Win32 = Debug|Win32
		Debug|x64 = Debug|x64
		Release|Win32 = Release|Win32
		Release|x64 = Release|x64
	EndGlobalSection
	GlobalSection(ProjectConfigurationPlatforms) = postSolution
		{21C0F404-893A-42E1-96E8-46A1DE647B5B}.Debug|Win32.ActiveCfg = Debug|Win32
		{21C0F404-893A-42E1-96E8-46A1DE647B5B}.Debug|Win32.Build.0 = Debug|Win32
		{21C0F404-893A-42E1-96E8-46A1DE647B5B}.Debug|x64.ActiveCfg = Debug|x64
		{21C0F404-893A-42E1-96E8-46A1DE647B5B}.Debug|x64.Build.0 = Debug|x64
		{21C0F404-893A-42E1-96E8-46A1DE647B5B}.Release|Win32.ActiveCfg = Release|Win32
		{21C0F404-893A-42E1-96E8-46A1DE647B5B}.Release|Win32.Build.0 = Release|Win32
		{21C0F404-893A-42E1-96E8-46A1DE647B5B}.Release|x64.ActiveCfg = Release|x64
		{21C0F404-893A-42E1-96E8-46A1DE647B5B}.Release|x64.Build.0 = Release|x64
		{21683CD7-35A5-4067-A56E-F935CDF6BF73}.Debug|Win32.ActiveCfg = Debug|Win32
		{21683CD7-35A5-4067-A56E-F935CDF6BF73}.Debug|Win32.Build.0 = Debug|Win32
		{21683CD7-35A5-4067-A56E-F935CDF6BF73}.Debug|x64.ActiveCfg = Debug|x64
		{21683CD7-35A5-4067-A56E-F935CDF6BF73}.Debug|x64.Build.0 = Debug|x64
		{21683CD7-35A5-4067-A56E-F935CDF6BF73}.Release|Win32.ActiveCfg = Release|Win32
		{21683CD7-35A5-4067-A56E-F935CDF6BF73}.Release|Win32.Build.0 = Release|Win32
		{21683CD7-35A5-4067-A56E-F935CDF6BF73}.Release|x64.ActiveCfg = Release|x64
		{21683CD7-35A5-4067-A56E-F935CDF6BF73}.Release|x64.Build.0 = Release|x64
		{093FEAFF-F419-4BD0-BD2F-547307A52F44}.Debug|Win32.ActiveCfg = Debug|Win32
		{093FEAFF-F419-4BD0-BD2F-547307A52F44}.Debug|Win32.Build.0 = Debug|Win32
		{093FEAFF-F419-4BD0-BD2F-547307A52F44}.Debug|x64.ActiveCfg = Debug|x64
		{093FEAFF-F419-4BD0-BD2F-547307A52F44}.Debug|x64.Build.0 = Debug|x64
		{093FEAFF-F419-4BD0-BD2F-547307A52F44}.Release|Win32.ActiveCfg = Release|Win32
		{093FEAFF-F419-4BD0-BD2F-547307A52F44}.Release|Win32.Build.0 = Release|Win32
		{093FEAFF-F419-4BD0-BD2F-547307A52F44}.Release|x64.ActiveCfg = Release|x64
		{093FEAFF-F419-4BD0-BD2F-547307A52F44}.Release|x64.Build.0 = Release|x64
	EndGlobalSection
	GlobalSection(SolutionProperties) = preSolution
		HideSolutionNode = FALSE
	EndGlobalSection
EndGlobal
