
Microsoft Visual Studio Solution File, Format Version 12.00
# Visual Studio 2013
VisualStudioVersion = 12.0.40629.0
MinimumVisualStudioVersion = 10.0.40219.1
Project("{8BC9CEB8-8B4A-11D0-8D11-00A0C91BC942}") = "FaceDetector5", "FaceDetector5\FaceDetector5.vcxproj", "{6641DC15-8AAB-41B4-BF8E-62EBB44572F0}"
EndProject
Project("{8BC9CEB8-8B4A-11D0-8D11-00A0C91BC942}") = "test", "test\test.vcxproj", "{17BB7FED-671B-491A-A2D4-60F5BE500EC5}"
EndProject
Project("{8BC9CEB8-8B4A-11D0-8D11-00A0C91BC942}") = "example", "example\example.vcxproj", "{DA60BB44-DECC-410A-9E6A-C32D1B7FE20F}"
EndProject
Global
	GlobalSection(SolutionConfigurationPlatforms) = preSolution
		Debug|Win32 = Debug|Win32
		Debug|x64 = Debug|x64
		Release|Win32 = Release|Win32
		Release|x64 = Release|x64
	EndGlobalSection
	GlobalSection(ProjectConfigurationPlatforms) = postSolution
		{6641DC15-8AAB-41B4-BF8E-62EBB44572F0}.Debug|Win32.ActiveCfg = Debug|Win32
		{6641DC15-8AAB-41B4-BF8E-62EBB44572F0}.Debug|Win32.Build.0 = Debug|Win32
		{6641DC15-8AAB-41B4-BF8E-62EBB44572F0}.Debug|x64.ActiveCfg = Debug|x64
		{6641DC15-8AAB-41B4-BF8E-62EBB44572F0}.Debug|x64.Build.0 = Debug|x64
		{6641DC15-8AAB-41B4-BF8E-62EBB44572F0}.Release|Win32.ActiveCfg = Release|Win32
		{6641DC15-8AAB-41B4-BF8E-62EBB44572F0}.Release|Win32.Build.0 = Release|Win32
		{6641DC15-8AAB-41B4-BF8E-62EBB44572F0}.Release|x64.ActiveCfg = Release|x64
		{6641DC15-8AAB-41B4-BF8E-62EBB44572F0}.Release|x64.Build.0 = Release|x64
		{17BB7FED-671B-491A-A2D4-60F5BE500EC5}.Debug|Win32.ActiveCfg = Debug|Win32
		{17BB7FED-671B-491A-A2D4-60F5BE500EC5}.Debug|Win32.Build.0 = Debug|Win32
		{17BB7FED-671B-491A-A2D4-60F5BE500EC5}.Debug|x64.ActiveCfg = Debug|x64
		{17BB7FED-671B-491A-A2D4-60F5BE500EC5}.Debug|x64.Build.0 = Debug|x64
		{17BB7FED-671B-491A-A2D4-60F5BE500EC5}.Release|Win32.ActiveCfg = Release|Win32
		{17BB7FED-671B-491A-A2D4-60F5BE500EC5}.Release|Win32.Build.0 = Release|Win32
		{17BB7FED-671B-491A-A2D4-60F5BE500EC5}.Release|x64.ActiveCfg = Release|x64
		{17BB7FED-671B-491A-A2D4-60F5BE500EC5}.Release|x64.Build.0 = Release|x64
		{DA60BB44-DECC-410A-9E6A-C32D1B7FE20F}.Debug|Win32.ActiveCfg = Debug|Win32
		{DA60BB44-DECC-410A-9E6A-C32D1B7FE20F}.Debug|Win32.Build.0 = Debug|Win32
		{DA60BB44-DECC-410A-9E6A-C32D1B7FE20F}.Debug|x64.ActiveCfg = Debug|x64
		{DA60BB44-DECC-410A-9E6A-C32D1B7FE20F}.Debug|x64.Build.0 = Debug|x64
		{DA60BB44-DECC-410A-9E6A-C32D1B7FE20F}.Release|Win32.ActiveCfg = Release|Win32
		{DA60BB44-DECC-410A-9E6A-C32D1B7FE20F}.Release|Win32.Build.0 = Release|Win32
		{DA60BB44-DECC-410A-9E6A-C32D1B7FE20F}.Release|x64.ActiveCfg = Release|x64
		{DA60BB44-DECC-410A-9E6A-C32D1B7FE20F}.Release|x64.Build.0 = Release|x64
	EndGlobalSection
	GlobalSection(SolutionProperties) = preSolution
		HideSolutionNode = FALSE
	EndGlobalSection
EndGlobal
