Microsoft Visual Studio Solution File, Format Version 12.00
# Visual Studio 14
Project("{8BC9CEB8-8B4A-11D0-8D11-00A0C91BC942}") = "ALL_BUILD", "ALL_BUILD.vcxproj", "{EC1159CF-FA5F-3406-8B08-67A8A070D7CE}"
	ProjectSection(ProjectDependencies) = postProject
		{58BFFBD7-F4F4-3563-BAF3-EDEAD5E6CF47} = {58BFFBD7-F4F4-3563-BAF3-EDEAD5E6CF47}
		{0C1A8E9D-7C1F-3067-A085-5797E0CB870C} = {0C1A8E9D-7C1F-3067-A085-5797E0CB870C}
		{A6A5FB9A-1BA8-3932-B324-DFFD40B3112F} = {A6A5FB9A-1BA8-3932-B324-DFFD40B3112F}
		{7D142D1A-E34B-32AD-AA5E-08A8F852E354} = {7D142D1A-E34B-32AD-AA5E-08A8F852E354}
		{D8B3D527-3E39-30B7-ABA0-039BD4C899FD} = {D8B3D527-3E39-30B7-ABA0-039BD4C899FD}
		{2E7D8529-AF5B-3C9F-9735-6365B9114995} = {2E7D8529-AF5B-3C9F-9735-6365B9114995}
		{C56DA896-ED7F-3121-B734-25D6213EAA78} = {C56DA896-ED7F-3121-B734-25D6213EAA78}
		{300793B3-4807-3CCE-BC50-5FD2B43AFBE6} = {300793B3-4807-3CCE-BC50-5FD2B43AFBE6}
		{F58BB85F-A85E-3F32-BB65-4DE365B39B45} = {F58BB85F-A85E-3F32-BB65-4DE365B39B45}
		{0E1EEA9E-DBF5-325D-BB8A-512BA2054703} = {0E1EEA9E-DBF5-325D-BB8A-512BA2054703}
		{14C806F8-EA62-36C9-9C7F-3BE3D209EBD3} = {14C806F8-EA62-36C9-9C7F-3BE3D209EBD3}
		{90DA2E34-6750-36BB-B553-F2CA222EDF9E} = {90DA2E34-6750-36BB-B553-F2CA222EDF9E}
		{B98FAA8A-7502-310F-BAB1-17AE9F5AFFEE} = {B98FAA8A-7502-310F-BAB1-17AE9F5AFFEE}
		{994C0CB8-9B2F-3CB6-BF84-4E368671C502} = {994C0CB8-9B2F-3CB6-BF84-4E368671C502}
		{57B3427C-C7A8-365B-9501-6BB904384828} = {57B3427C-C7A8-365B-9501-6BB904384828}
		{A92F7742-F8A2-36D9-86AD-CF2C4D966383} = {A92F7742-F8A2-36D9-86AD-CF2C4D966383}
	EndProjectSection
EndProject
Project("{8BC9CEB8-8B4A-11D0-8D11-00A0C91BC942}") = "INSTALL", "INSTALL.vcxproj", "{320518A1-D088-3EB2-99E4-752174B59060}"
	ProjectSection(ProjectDependencies) = postProject
		{EC1159CF-FA5F-3406-8B08-67A8A070D7CE} = {EC1159CF-FA5F-3406-8B08-67A8A070D7CE}
		{0C1A8E9D-7C1F-3067-A085-5797E0CB870C} = {0C1A8E9D-7C1F-3067-A085-5797E0CB870C}
	EndProjectSection
EndProject
Project("{8BC9CEB8-8B4A-11D0-8D11-00A0C91BC942}") = "ORZ_STATIC", "src\ORZ_STATIC.vcxproj", "{58BFFBD7-F4F4-3563-BAF3-EDEAD5E6CF47}"
	ProjectSection(ProjectDependencies) = postProject
		{0C1A8E9D-7C1F-3067-A085-5797E0CB870C} = {0C1A8E9D-7C1F-3067-A085-5797E0CB870C}
	EndProjectSection
EndProject
Project("{8BC9CEB8-8B4A-11D0-8D11-00A0C91BC942}") = "ZERO_CHECK", "ZERO_CHECK.vcxproj", "{0C1A8E9D-7C1F-3067-A085-5797E0CB870C}"
	ProjectSection(ProjectDependencies) = postProject
	EndProjectSection
EndProject
Project("{8BC9CEB8-8B4A-11D0-8D11-00A0C91BC942}") = "test_aes", "test_aes.vcxproj", "{A6A5FB9A-1BA8-3932-B324-DFFD40B3112F}"
	ProjectSection(ProjectDependencies) = postProject
		{58BFFBD7-F4F4-3563-BAF3-EDEAD5E6CF47} = {58BFFBD7-F4F4-3563-BAF3-EDEAD5E6CF47}
		{0C1A8E9D-7C1F-3067-A085-5797E0CB870C} = {0C1A8E9D-7C1F-3067-A085-5797E0CB870C}
	EndProjectSection
EndProject
Project("{8BC9CEB8-8B4A-11D0-8D11-00A0C91BC942}") = "test_base64", "test_base64.vcxproj", "{7D142D1A-E34B-32AD-AA5E-08A8F852E354}"
	ProjectSection(ProjectDependencies) = postProject
		{58BFFBD7-F4F4-3563-BAF3-EDEAD5E6CF47} = {58BFFBD7-F4F4-3563-BAF3-EDEAD5E6CF47}
		{0C1A8E9D-7C1F-3067-A085-5797E0CB870C} = {0C1A8E9D-7C1F-3067-A085-5797E0CB870C}
	EndProjectSection
EndProject
Project("{8BC9CEB8-8B4A-11D0-8D11-00A0C91BC942}") = "test_ctxmgr_lite", "test_ctxmgr_lite.vcxproj", "{D8B3D527-3E39-30B7-ABA0-039BD4C899FD}"
	ProjectSection(ProjectDependencies) = postProject
		{58BFFBD7-F4F4-3563-BAF3-EDEAD5E6CF47} = {58BFFBD7-F4F4-3563-BAF3-EDEAD5E6CF47}
		{0C1A8E9D-7C1F-3067-A085-5797E0CB870C} = {0C1A8E9D-7C1F-3067-A085-5797E0CB870C}
	EndProjectSection
EndProject
Project("{8BC9CEB8-8B4A-11D0-8D11-00A0C91BC942}") = "test_dir", "test_dir.vcxproj", "{2E7D8529-AF5B-3C9F-9735-6365B9114995}"
	ProjectSection(ProjectDependencies) = postProject
		{58BFFBD7-F4F4-3563-BAF3-EDEAD5E6CF47} = {58BFFBD7-F4F4-3563-BAF3-EDEAD5E6CF47}
		{0C1A8E9D-7C1F-3067-A085-5797E0CB870C} = {0C1A8E9D-7C1F-3067-A085-5797E0CB870C}
	EndProjectSection
EndProject
Project("{8BC9CEB8-8B4A-11D0-8D11-00A0C91BC942}") = "test_http", "test_http.vcxproj", "{C56DA896-ED7F-3121-B734-25D6213EAA78}"
	ProjectSection(ProjectDependencies) = postProject
		{58BFFBD7-F4F4-3563-BAF3-EDEAD5E6CF47} = {58BFFBD7-F4F4-3563-BAF3-EDEAD5E6CF47}
		{0C1A8E9D-7C1F-3067-A085-5797E0CB870C} = {0C1A8E9D-7C1F-3067-A085-5797E0CB870C}
	EndProjectSection
EndProject
Project("{8BC9CEB8-8B4A-11D0-8D11-00A0C91BC942}") = "test_json", "test_json.vcxproj", "{300793B3-4807-3CCE-BC50-5FD2B43AFBE6}"
	ProjectSection(ProjectDependencies) = postProject
		{58BFFBD7-F4F4-3563-BAF3-EDEAD5E6CF47} = {58BFFBD7-F4F4-3563-BAF3-EDEAD5E6CF47}
		{0C1A8E9D-7C1F-3067-A085-5797E0CB870C} = {0C1A8E9D-7C1F-3067-A085-5797E0CB870C}
	EndProjectSection
EndProject
Project("{8BC9CEB8-8B4A-11D0-8D11-00A0C91BC942}") = "test_lego_brick", "test_lego_brick.vcxproj", "{F58BB85F-A85E-3F32-BB65-4DE365B39B45}"
	ProjectSection(ProjectDependencies) = postProject
		{58BFFBD7-F4F4-3563-BAF3-EDEAD5E6CF47} = {58BFFBD7-F4F4-3563-BAF3-EDEAD5E6CF47}
		{0C1A8E9D-7C1F-3067-A085-5797E0CB870C} = {0C1A8E9D-7C1F-3067-A085-5797E0CB870C}
	EndProjectSection
EndProject
Project("{8BC9CEB8-8B4A-11D0-8D11-00A0C91BC942}") = "test_multi", "test_multi.vcxproj", "{0E1EEA9E-DBF5-325D-BB8A-512BA2054703}"
	ProjectSection(ProjectDependencies) = postProject
		{58BFFBD7-F4F4-3563-BAF3-EDEAD5E6CF47} = {58BFFBD7-F4F4-3563-BAF3-EDEAD5E6CF47}
		{0C1A8E9D-7C1F-3067-A085-5797E0CB870C} = {0C1A8E9D-7C1F-3067-A085-5797E0CB870C}
	EndProjectSection
EndProject
Project("{8BC9CEB8-8B4A-11D0-8D11-00A0C91BC942}") = "test_option", "test_option.vcxproj", "{14C806F8-EA62-36C9-9C7F-3BE3D209EBD3}"
	ProjectSection(ProjectDependencies) = postProject
		{58BFFBD7-F4F4-3563-BAF3-EDEAD5E6CF47} = {58BFFBD7-F4F4-3563-BAF3-EDEAD5E6CF47}
		{0C1A8E9D-7C1F-3067-A085-5797E0CB870C} = {0C1A8E9D-7C1F-3067-A085-5797E0CB870C}
	EndProjectSection
EndProject
Project("{8BC9CEB8-8B4A-11D0-8D11-00A0C91BC942}") = "test_progress_bar", "test_progress_bar.vcxproj", "{90DA2E34-6750-36BB-B553-F2CA222EDF9E}"
	ProjectSection(ProjectDependencies) = postProject
		{58BFFBD7-F4F4-3563-BAF3-EDEAD5E6CF47} = {58BFFBD7-F4F4-3563-BAF3-EDEAD5E6CF47}
		{0C1A8E9D-7C1F-3067-A085-5797E0CB870C} = {0C1A8E9D-7C1F-3067-A085-5797E0CB870C}
	EndProjectSection
EndProject
Project("{8BC9CEB8-8B4A-11D0-8D11-00A0C91BC942}") = "test_range", "test_range.vcxproj", "{B98FAA8A-7502-310F-BAB1-17AE9F5AFFEE}"
	ProjectSection(ProjectDependencies) = postProject
		{58BFFBD7-F4F4-3563-BAF3-EDEAD5E6CF47} = {58BFFBD7-F4F4-3563-BAF3-EDEAD5E6CF47}
		{0C1A8E9D-7C1F-3067-A085-5797E0CB870C} = {0C1A8E9D-7C1F-3067-A085-5797E0CB870C}
	EndProjectSection
EndProject
Project("{8BC9CEB8-8B4A-11D0-8D11-00A0C91BC942}") = "test_resources", "test_resources.vcxproj", "{994C0CB8-9B2F-3CB6-BF84-4E368671C502}"
	ProjectSection(ProjectDependencies) = postProject
		{58BFFBD7-F4F4-3563-BAF3-EDEAD5E6CF47} = {58BFFBD7-F4F4-3563-BAF3-EDEAD5E6CF47}
		{0C1A8E9D-7C1F-3067-A085-5797E0CB870C} = {0C1A8E9D-7C1F-3067-A085-5797E0CB870C}
	EndProjectSection
EndProject
Project("{8BC9CEB8-8B4A-11D0-8D11-00A0C91BC942}") = "test_rsa", "test_rsa.vcxproj", "{57B3427C-C7A8-365B-9501-6BB904384828}"
	ProjectSection(ProjectDependencies) = postProject
		{58BFFBD7-F4F4-3563-BAF3-EDEAD5E6CF47} = {58BFFBD7-F4F4-3563-BAF3-EDEAD5E6CF47}
		{0C1A8E9D-7C1F-3067-A085-5797E0CB870C} = {0C1A8E9D-7C1F-3067-A085-5797E0CB870C}
	EndProjectSection
EndProject
Project("{8BC9CEB8-8B4A-11D0-8D11-00A0C91BC942}") = "tool_orz_resources", "tool_orz_resources.vcxproj", "{A92F7742-F8A2-36D9-86AD-CF2C4D966383}"
	ProjectSection(ProjectDependencies) = postProject
		{58BFFBD7-F4F4-3563-BAF3-EDEAD5E6CF47} = {58BFFBD7-F4F4-3563-BAF3-EDEAD5E6CF47}
		{0C1A8E9D-7C1F-3067-A085-5797E0CB870C} = {0C1A8E9D-7C1F-3067-A085-5797E0CB870C}
	EndProjectSection
EndProject
Global
	GlobalSection(SolutionConfigurationPlatforms) = preSolution
		Debug|Win32 = Debug|Win32
		Release|Win32 = Release|Win32
		MinSizeRel|Win32 = MinSizeRel|Win32
		RelWithDebInfo|Win32 = RelWithDebInfo|Win32
	EndGlobalSection
	GlobalSection(ProjectConfigurationPlatforms) = postSolution
		{EC1159CF-FA5F-3406-8B08-67A8A070D7CE}.Debug|Win32.ActiveCfg = Debug|Win32
		{EC1159CF-FA5F-3406-8B08-67A8A070D7CE}.Debug|Win32.Build.0 = Debug|Win32
		{EC1159CF-FA5F-3406-8B08-67A8A070D7CE}.Release|Win32.ActiveCfg = Release|Win32
		{EC1159CF-FA5F-3406-8B08-67A8A070D7CE}.Release|Win32.Build.0 = Release|Win32
		{EC1159CF-FA5F-3406-8B08-67A8A070D7CE}.MinSizeRel|Win32.ActiveCfg = MinSizeRel|Win32
		{EC1159CF-FA5F-3406-8B08-67A8A070D7CE}.MinSizeRel|Win32.Build.0 = MinSizeRel|Win32
		{EC1159CF-FA5F-3406-8B08-67A8A070D7CE}.RelWithDebInfo|Win32.ActiveCfg = RelWithDebInfo|Win32
		{EC1159CF-FA5F-3406-8B08-67A8A070D7CE}.RelWithDebInfo|Win32.Build.0 = RelWithDebInfo|Win32
		{320518A1-D088-3EB2-99E4-752174B59060}.Debug|Win32.ActiveCfg = Debug|Win32
		{320518A1-D088-3EB2-99E4-752174B59060}.Release|Win32.ActiveCfg = Release|Win32
		{320518A1-D088-3EB2-99E4-752174B59060}.MinSizeRel|Win32.ActiveCfg = MinSizeRel|Win32
		{320518A1-D088-3EB2-99E4-752174B59060}.RelWithDebInfo|Win32.ActiveCfg = RelWithDebInfo|Win32
		{58BFFBD7-F4F4-3563-BAF3-EDEAD5E6CF47}.Debug|Win32.ActiveCfg = Debug|Win32
		{58BFFBD7-F4F4-3563-BAF3-EDEAD5E6CF47}.Debug|Win32.Build.0 = Debug|Win32
		{58BFFBD7-F4F4-3563-BAF3-EDEAD5E6CF47}.Release|Win32.ActiveCfg = Release|Win32
		{58BFFBD7-F4F4-3563-BAF3-EDEAD5E6CF47}.Release|Win32.Build.0 = Release|Win32
		{58BFFBD7-F4F4-3563-BAF3-EDEAD5E6CF47}.MinSizeRel|Win32.ActiveCfg = MinSizeRel|Win32
		{58BFFBD7-F4F4-3563-BAF3-EDEAD5E6CF47}.MinSizeRel|Win32.Build.0 = MinSizeRel|Win32
		{58BFFBD7-F4F4-3563-BAF3-EDEAD5E6CF47}.RelWithDebInfo|Win32.ActiveCfg = RelWithDebInfo|Win32
		{58BFFBD7-F4F4-3563-BAF3-EDEAD5E6CF47}.RelWithDebInfo|Win32.Build.0 = RelWithDebInfo|Win32
		{0C1A8E9D-7C1F-3067-A085-5797E0CB870C}.Debug|Win32.ActiveCfg = Debug|Win32
		{0C1A8E9D-7C1F-3067-A085-5797E0CB870C}.Debug|Win32.Build.0 = Debug|Win32
		{0C1A8E9D-7C1F-3067-A085-5797E0CB870C}.Release|Win32.ActiveCfg = Release|Win32
		{0C1A8E9D-7C1F-3067-A085-5797E0CB870C}.Release|Win32.Build.0 = Release|Win32
		{0C1A8E9D-7C1F-3067-A085-5797E0CB870C}.MinSizeRel|Win32.ActiveCfg = MinSizeRel|Win32
		{0C1A8E9D-7C1F-3067-A085-5797E0CB870C}.MinSizeRel|Win32.Build.0 = MinSizeRel|Win32
		{0C1A8E9D-7C1F-3067-A085-5797E0CB870C}.RelWithDebInfo|Win32.ActiveCfg = RelWithDebInfo|Win32
		{0C1A8E9D-7C1F-3067-A085-5797E0CB870C}.RelWithDebInfo|Win32.Build.0 = RelWithDebInfo|Win32
		{A6A5FB9A-1BA8-3932-B324-DFFD40B3112F}.Debug|Win32.ActiveCfg = Debug|Win32
		{A6A5FB9A-1BA8-3932-B324-DFFD40B3112F}.Debug|Win32.Build.0 = Debug|Win32
		{A6A5FB9A-1BA8-3932-B324-DFFD40B3112F}.Release|Win32.ActiveCfg = Release|Win32
		{A6A5FB9A-1BA8-3932-B324-DFFD40B3112F}.Release|Win32.Build.0 = Release|Win32
		{A6A5FB9A-1BA8-3932-B324-DFFD40B3112F}.MinSizeRel|Win32.ActiveCfg = MinSizeRel|Win32
		{A6A5FB9A-1BA8-3932-B324-DFFD40B3112F}.MinSizeRel|Win32.Build.0 = MinSizeRel|Win32
		{A6A5FB9A-1BA8-3932-B324-DFFD40B3112F}.RelWithDebInfo|Win32.ActiveCfg = RelWithDebInfo|Win32
		{A6A5FB9A-1BA8-3932-B324-DFFD40B3112F}.RelWithDebInfo|Win32.Build.0 = RelWithDebInfo|Win32
		{7D142D1A-E34B-32AD-AA5E-08A8F852E354}.Debug|Win32.ActiveCfg = Debug|Win32
		{7D142D1A-E34B-32AD-AA5E-08A8F852E354}.Debug|Win32.Build.0 = Debug|Win32
		{7D142D1A-E34B-32AD-AA5E-08A8F852E354}.Release|Win32.ActiveCfg = Release|Win32
		{7D142D1A-E34B-32AD-AA5E-08A8F852E354}.Release|Win32.Build.0 = Release|Win32
		{7D142D1A-E34B-32AD-AA5E-08A8F852E354}.MinSizeRel|Win32.ActiveCfg = MinSizeRel|Win32
		{7D142D1A-E34B-32AD-AA5E-08A8F852E354}.MinSizeRel|Win32.Build.0 = MinSizeRel|Win32
		{7D142D1A-E34B-32AD-AA5E-08A8F852E354}.RelWithDebInfo|Win32.ActiveCfg = RelWithDebInfo|Win32
		{7D142D1A-E34B-32AD-AA5E-08A8F852E354}.RelWithDebInfo|Win32.Build.0 = RelWithDebInfo|Win32
		{D8B3D527-3E39-30B7-ABA0-039BD4C899FD}.Debug|Win32.ActiveCfg = Debug|Win32
		{D8B3D527-3E39-30B7-ABA0-039BD4C899FD}.Debug|Win32.Build.0 = Debug|Win32
		{D8B3D527-3E39-30B7-ABA0-039BD4C899FD}.Release|Win32.ActiveCfg = Release|Win32
		{D8B3D527-3E39-30B7-ABA0-039BD4C899FD}.Release|Win32.Build.0 = Release|Win32
		{D8B3D527-3E39-30B7-ABA0-039BD4C899FD}.MinSizeRel|Win32.ActiveCfg = MinSizeRel|Win32
		{D8B3D527-3E39-30B7-ABA0-039BD4C899FD}.MinSizeRel|Win32.Build.0 = MinSizeRel|Win32
		{D8B3D527-3E39-30B7-ABA0-039BD4C899FD}.RelWithDebInfo|Win32.ActiveCfg = RelWithDebInfo|Win32
		{D8B3D527-3E39-30B7-ABA0-039BD4C899FD}.RelWithDebInfo|Win32.Build.0 = RelWithDebInfo|Win32
		{2E7D8529-AF5B-3C9F-9735-6365B9114995}.Debug|Win32.ActiveCfg = Debug|Win32
		{2E7D8529-AF5B-3C9F-9735-6365B9114995}.Debug|Win32.Build.0 = Debug|Win32
		{2E7D8529-AF5B-3C9F-9735-6365B9114995}.Release|Win32.ActiveCfg = Release|Win32
		{2E7D8529-AF5B-3C9F-9735-6365B9114995}.Release|Win32.Build.0 = Release|Win32
		{2E7D8529-AF5B-3C9F-9735-6365B9114995}.MinSizeRel|Win32.ActiveCfg = MinSizeRel|Win32
		{2E7D8529-AF5B-3C9F-9735-6365B9114995}.MinSizeRel|Win32.Build.0 = MinSizeRel|Win32
		{2E7D8529-AF5B-3C9F-9735-6365B9114995}.RelWithDebInfo|Win32.ActiveCfg = RelWithDebInfo|Win32
		{2E7D8529-AF5B-3C9F-9735-6365B9114995}.RelWithDebInfo|Win32.Build.0 = RelWithDebInfo|Win32
		{C56DA896-ED7F-3121-B734-25D6213EAA78}.Debug|Win32.ActiveCfg = Debug|Win32
		{C56DA896-ED7F-3121-B734-25D6213EAA78}.Debug|Win32.Build.0 = Debug|Win32
		{C56DA896-ED7F-3121-B734-25D6213EAA78}.Release|Win32.ActiveCfg = Release|Win32
		{C56DA896-ED7F-3121-B734-25D6213EAA78}.Release|Win32.Build.0 = Release|Win32
		{C56DA896-ED7F-3121-B734-25D6213EAA78}.MinSizeRel|Win32.ActiveCfg = MinSizeRel|Win32
		{C56DA896-ED7F-3121-B734-25D6213EAA78}.MinSizeRel|Win32.Build.0 = MinSizeRel|Win32
		{C56DA896-ED7F-3121-B734-25D6213EAA78}.RelWithDebInfo|Win32.ActiveCfg = RelWithDebInfo|Win32
		{C56DA896-ED7F-3121-B734-25D6213EAA78}.RelWithDebInfo|Win32.Build.0 = RelWithDebInfo|Win32
		{300793B3-4807-3CCE-BC50-5FD2B43AFBE6}.Debug|Win32.ActiveCfg = Debug|Win32
		{300793B3-4807-3CCE-BC50-5FD2B43AFBE6}.Debug|Win32.Build.0 = Debug|Win32
		{300793B3-4807-3CCE-BC50-5FD2B43AFBE6}.Release|Win32.ActiveCfg = Release|Win32
		{300793B3-4807-3CCE-BC50-5FD2B43AFBE6}.Release|Win32.Build.0 = Release|Win32
		{300793B3-4807-3CCE-BC50-5FD2B43AFBE6}.MinSizeRel|Win32.ActiveCfg = MinSizeRel|Win32
		{300793B3-4807-3CCE-BC50-5FD2B43AFBE6}.MinSizeRel|Win32.Build.0 = MinSizeRel|Win32
		{300793B3-4807-3CCE-BC50-5FD2B43AFBE6}.RelWithDebInfo|Win32.ActiveCfg = RelWithDebInfo|Win32
		{300793B3-4807-3CCE-BC50-5FD2B43AFBE6}.RelWithDebInfo|Win32.Build.0 = RelWithDebInfo|Win32
		{F58BB85F-A85E-3F32-BB65-4DE365B39B45}.Debug|Win32.ActiveCfg = Debug|Win32
		{F58BB85F-A85E-3F32-BB65-4DE365B39B45}.Debug|Win32.Build.0 = Debug|Win32
		{F58BB85F-A85E-3F32-BB65-4DE365B39B45}.Release|Win32.ActiveCfg = Release|Win32
		{F58BB85F-A85E-3F32-BB65-4DE365B39B45}.Release|Win32.Build.0 = Release|Win32
		{F58BB85F-A85E-3F32-BB65-4DE365B39B45}.MinSizeRel|Win32.ActiveCfg = MinSizeRel|Win32
		{F58BB85F-A85E-3F32-BB65-4DE365B39B45}.MinSizeRel|Win32.Build.0 = MinSizeRel|Win32
		{F58BB85F-A85E-3F32-BB65-4DE365B39B45}.RelWithDebInfo|Win32.ActiveCfg = RelWithDebInfo|Win32
		{F58BB85F-A85E-3F32-BB65-4DE365B39B45}.RelWithDebInfo|Win32.Build.0 = RelWithDebInfo|Win32
		{0E1EEA9E-DBF5-325D-BB8A-512BA2054703}.Debug|Win32.ActiveCfg = Debug|Win32
		{0E1EEA9E-DBF5-325D-BB8A-512BA2054703}.Debug|Win32.Build.0 = Debug|Win32
		{0E1EEA9E-DBF5-325D-BB8A-512BA2054703}.Release|Win32.ActiveCfg = Release|Win32
		{0E1EEA9E-DBF5-325D-BB8A-512BA2054703}.Release|Win32.Build.0 = Release|Win32
		{0E1EEA9E-DBF5-325D-BB8A-512BA2054703}.MinSizeRel|Win32.ActiveCfg = MinSizeRel|Win32
		{0E1EEA9E-DBF5-325D-BB8A-512BA2054703}.MinSizeRel|Win32.Build.0 = MinSizeRel|Win32
		{0E1EEA9E-DBF5-325D-BB8A-512BA2054703}.RelWithDebInfo|Win32.ActiveCfg = RelWithDebInfo|Win32
		{0E1EEA9E-DBF5-325D-BB8A-512BA2054703}.RelWithDebInfo|Win32.Build.0 = RelWithDebInfo|Win32
		{14C806F8-EA62-36C9-9C7F-3BE3D209EBD3}.Debug|Win32.ActiveCfg = Debug|Win32
		{14C806F8-EA62-36C9-9C7F-3BE3D209EBD3}.Debug|Win32.Build.0 = Debug|Win32
		{14C806F8-EA62-36C9-9C7F-3BE3D209EBD3}.Release|Win32.ActiveCfg = Release|Win32
		{14C806F8-EA62-36C9-9C7F-3BE3D209EBD3}.Release|Win32.Build.0 = Release|Win32
		{14C806F8-EA62-36C9-9C7F-3BE3D209EBD3}.MinSizeRel|Win32.ActiveCfg = MinSizeRel|Win32
		{14C806F8-EA62-36C9-9C7F-3BE3D209EBD3}.MinSizeRel|Win32.Build.0 = MinSizeRel|Win32
		{14C806F8-EA62-36C9-9C7F-3BE3D209EBD3}.RelWithDebInfo|Win32.ActiveCfg = RelWithDebInfo|Win32
		{14C806F8-EA62-36C9-9C7F-3BE3D209EBD3}.RelWithDebInfo|Win32.Build.0 = RelWithDebInfo|Win32
		{90DA2E34-6750-36BB-B553-F2CA222EDF9E}.Debug|Win32.ActiveCfg = Debug|Win32
		{90DA2E34-6750-36BB-B553-F2CA222EDF9E}.Debug|Win32.Build.0 = Debug|Win32
		{90DA2E34-6750-36BB-B553-F2CA222EDF9E}.Release|Win32.ActiveCfg = Release|Win32
		{90DA2E34-6750-36BB-B553-F2CA222EDF9E}.Release|Win32.Build.0 = Release|Win32
		{90DA2E34-6750-36BB-B553-F2CA222EDF9E}.MinSizeRel|Win32.ActiveCfg = MinSizeRel|Win32
		{90DA2E34-6750-36BB-B553-F2CA222EDF9E}.MinSizeRel|Win32.Build.0 = MinSizeRel|Win32
		{90DA2E34-6750-36BB-B553-F2CA222EDF9E}.RelWithDebInfo|Win32.ActiveCfg = RelWithDebInfo|Win32
		{90DA2E34-6750-36BB-B553-F2CA222EDF9E}.RelWithDebInfo|Win32.Build.0 = RelWithDebInfo|Win32
		{B98FAA8A-7502-310F-BAB1-17AE9F5AFFEE}.Debug|Win32.ActiveCfg = Debug|Win32
		{B98FAA8A-7502-310F-BAB1-17AE9F5AFFEE}.Debug|Win32.Build.0 = Debug|Win32
		{B98FAA8A-7502-310F-BAB1-17AE9F5AFFEE}.Release|Win32.ActiveCfg = Release|Win32
		{B98FAA8A-7502-310F-BAB1-17AE9F5AFFEE}.Release|Win32.Build.0 = Release|Win32
		{B98FAA8A-7502-310F-BAB1-17AE9F5AFFEE}.MinSizeRel|Win32.ActiveCfg = MinSizeRel|Win32
		{B98FAA8A-7502-310F-BAB1-17AE9F5AFFEE}.MinSizeRel|Win32.Build.0 = MinSizeRel|Win32
		{B98FAA8A-7502-310F-BAB1-17AE9F5AFFEE}.RelWithDebInfo|Win32.ActiveCfg = RelWithDebInfo|Win32
		{B98FAA8A-7502-310F-BAB1-17AE9F5AFFEE}.RelWithDebInfo|Win32.Build.0 = RelWithDebInfo|Win32
		{994C0CB8-9B2F-3CB6-BF84-4E368671C502}.Debug|Win32.ActiveCfg = Debug|Win32
		{994C0CB8-9B2F-3CB6-BF84-4E368671C502}.Debug|Win32.Build.0 = Debug|Win32
		{994C0CB8-9B2F-3CB6-BF84-4E368671C502}.Release|Win32.ActiveCfg = Release|Win32
		{994C0CB8-9B2F-3CB6-BF84-4E368671C502}.Release|Win32.Build.0 = Release|Win32
		{994C0CB8-9B2F-3CB6-BF84-4E368671C502}.MinSizeRel|Win32.ActiveCfg = MinSizeRel|Win32
		{994C0CB8-9B2F-3CB6-BF84-4E368671C502}.MinSizeRel|Win32.Build.0 = MinSizeRel|Win32
		{994C0CB8-9B2F-3CB6-BF84-4E368671C502}.RelWithDebInfo|Win32.ActiveCfg = RelWithDebInfo|Win32
		{994C0CB8-9B2F-3CB6-BF84-4E368671C502}.RelWithDebInfo|Win32.Build.0 = RelWithDebInfo|Win32
		{57B3427C-C7A8-365B-9501-6BB904384828}.Debug|Win32.ActiveCfg = Debug|Win32
		{57B3427C-C7A8-365B-9501-6BB904384828}.Debug|Win32.Build.0 = Debug|Win32
		{57B3427C-C7A8-365B-9501-6BB904384828}.Release|Win32.ActiveCfg = Release|Win32
		{57B3427C-C7A8-365B-9501-6BB904384828}.Release|Win32.Build.0 = Release|Win32
		{57B3427C-C7A8-365B-9501-6BB904384828}.MinSizeRel|Win32.ActiveCfg = MinSizeRel|Win32
		{57B3427C-C7A8-365B-9501-6BB904384828}.MinSizeRel|Win32.Build.0 = MinSizeRel|Win32
		{57B3427C-C7A8-365B-9501-6BB904384828}.RelWithDebInfo|Win32.ActiveCfg = RelWithDebInfo|Win32
		{57B3427C-C7A8-365B-9501-6BB904384828}.RelWithDebInfo|Win32.Build.0 = RelWithDebInfo|Win32
		{A92F7742-F8A2-36D9-86AD-CF2C4D966383}.Debug|Win32.ActiveCfg = Debug|Win32
		{A92F7742-F8A2-36D9-86AD-CF2C4D966383}.Debug|Win32.Build.0 = Debug|Win32
		{A92F7742-F8A2-36D9-86AD-CF2C4D966383}.Release|Win32.ActiveCfg = Release|Win32
		{A92F7742-F8A2-36D9-86AD-CF2C4D966383}.Release|Win32.Build.0 = Release|Win32
		{A92F7742-F8A2-36D9-86AD-CF2C4D966383}.MinSizeRel|Win32.ActiveCfg = MinSizeRel|Win32
		{A92F7742-F8A2-36D9-86AD-CF2C4D966383}.MinSizeRel|Win32.Build.0 = MinSizeRel|Win32
		{A92F7742-F8A2-36D9-86AD-CF2C4D966383}.RelWithDebInfo|Win32.ActiveCfg = RelWithDebInfo|Win32
		{A92F7742-F8A2-36D9-86AD-CF2C4D966383}.RelWithDebInfo|Win32.Build.0 = RelWithDebInfo|Win32
	EndGlobalSection
	GlobalSection(ExtensibilityGlobals) = postSolution
		SolutionGuid = {806906F1-A6EB-38A0-A0E0-EBAF9EEE70CA}
	EndGlobalSection
	GlobalSection(ExtensibilityAddIns) = postSolution
	EndGlobalSection
EndGlobal
