<?xml version="1.0" encoding="utf-8"?>
<Project ToolsVersion="14.0" xmlns="http://schemas.microsoft.com/developer/msbuild/2003">
  <ItemGroup>
    <CustomBuild Include="C:\Users\TR\Desktop\0.OpenRoleZoo-vs\CMakeFiles\2e42f4602c7bb5154c5f3362b968a252\generate.stamp.rule">
      <Filter>CMake Rules</Filter>
    </CustomBuild>
  </ItemGroup>
  <ItemGroup>
    <Filter Include="CMake Rules">
      <UniqueIdentifier>{13C1471E-1453-334B-9AB7-21EFE34EAB1B}</UniqueIdentifier>
    </Filter>
  </ItemGroup>
</Project>
